
Microsoft Visual Studio Solution File, Format Version 12.00
# Visual Studio 15
VisualStudioVersion = 15.0.27004.2006
MinimumVisualStudioVersion = 10.0.40219.1
Project("{FAE04EC0-301F-11D3-BF4B-00C04F79EFBC}") = "Android", "Mobile\Android\Android.csproj", "{78BBCE6A-7E72-452F-9FD0-54587B37713B}"
EndProject
Project("{FAE04EC0-301F-11D3-BF4B-00C04F79EFBC}") = "Common", "Mobile\Common\Common.csproj", "{9B3C0CF4-A4C4-412D-9462-56D193C01270}"
EndProject
Project("{FAE04EC0-301F-11D3-BF4B-00C04F79EFBC}") = "UWP", "Mobile\UWP\UWP.csproj", "{AA75244C-0FDC-441B-A763-004B1882EF36}"
EndProject
Project("{FAE04EC0-301F-11D3-BF4B-00C04F79EFBC}") = "iOS", "Mobile\iOS\iOS.csproj", "{273C57B6-799D-44ED-85A7-D94CD55A0B16}"
EndProject
Project("{2150E333-8FDC-42A3-9474-1A3956D46DE8}") = "Platform", "Platform", "{E3A955F6-C933-4BA4-9EB6-C643AE0DD987}"
EndProject
Project("{2150E333-8FDC-42A3-9474-1A3956D46DE8}") = "Mobile", "Mobile", "{C628D814-E1BB-4D96-8579-60BDFE3CC79E}"
EndProject
Project("{2150E333-8FDC-42A3-9474-1A3956D46DE8}") = "IoT Device", "IoT Device", "{31CCCB9E-24A1-4DEB-A587-9A2B6773E168}"
EndProject
Project("{FAE04EC0-301F-11D3-BF4B-00C04F79EFBC}") = "ControlIot", "ControlIot\ControlIot.csproj", "{B0FF3729-40D4-4390-A141-6F34AB5C45D3}"
EndProject
Project("{FAE04EC0-301F-11D3-BF4B-00C04F79EFBC}") = "ForwardTopic", "ForwardTopic\ForwardTopic.csproj", "{186AC81F-508D-4655-98D7-4A2E476D9842}"
EndProject
Global
	GlobalSection(SolutionConfigurationPlatforms) = preSolution
		Ad-Hoc|Any CPU = Ad-Hoc|Any CPU
		Ad-Hoc|ARM = Ad-Hoc|ARM
		Ad-Hoc|iPhone = Ad-Hoc|iPhone
		Ad-Hoc|iPhoneSimulator = Ad-Hoc|iPhoneSimulator
		Ad-Hoc|x64 = Ad-Hoc|x64
		Ad-Hoc|x86 = Ad-Hoc|x86
		AppStore|Any CPU = AppStore|Any CPU
		AppStore|ARM = AppStore|ARM
		AppStore|iPhone = AppStore|iPhone
		AppStore|iPhoneSimulator = AppStore|iPhoneSimulator
		AppStore|x64 = AppStore|x64
		AppStore|x86 = AppStore|x86
		Debug|Any CPU = Debug|Any CPU
		Debug|ARM = Debug|ARM
		Debug|iPhone = Debug|iPhone
		Debug|iPhoneSimulator = Debug|iPhoneSimulator
		Debug|x64 = Debug|x64
		Debug|x86 = Debug|x86
		Release|Any CPU = Release|Any CPU
		Release|ARM = Release|ARM
		Release|iPhone = Release|iPhone
		Release|iPhoneSimulator = Release|iPhoneSimulator
		Release|x64 = Release|x64
		Release|x86 = Release|x86
	EndGlobalSection
	GlobalSection(ProjectConfigurationPlatforms) = postSolution
		{78BBCE6A-7E72-452F-9FD0-54587B37713B}.Ad-Hoc|Any CPU.ActiveCfg = Release|Any CPU
		{78BBCE6A-7E72-452F-9FD0-54587B37713B}.Ad-Hoc|Any CPU.Build.0 = Release|Any CPU
		{78BBCE6A-7E72-452F-9FD0-54587B37713B}.Ad-Hoc|Any CPU.Deploy.0 = Release|Any CPU
		{78BBCE6A-7E72-452F-9FD0-54587B37713B}.Ad-Hoc|ARM.ActiveCfg = Release|Any CPU
		{78BBCE6A-7E72-452F-9FD0-54587B37713B}.Ad-Hoc|ARM.Build.0 = Release|Any CPU
		{78BBCE6A-7E72-452F-9FD0-54587B37713B}.Ad-Hoc|ARM.Deploy.0 = Release|Any CPU
		{78BBCE6A-7E72-452F-9FD0-54587B37713B}.Ad-Hoc|iPhone.ActiveCfg = Release|Any CPU
		{78BBCE6A-7E72-452F-9FD0-54587B37713B}.Ad-Hoc|iPhone.Build.0 = Release|Any CPU
		{78BBCE6A-7E72-452F-9FD0-54587B37713B}.Ad-Hoc|iPhone.Deploy.0 = Release|Any CPU
		{78BBCE6A-7E72-452F-9FD0-54587B37713B}.Ad-Hoc|iPhoneSimulator.ActiveCfg = Release|Any CPU
		{78BBCE6A-7E72-452F-9FD0-54587B37713B}.Ad-Hoc|iPhoneSimulator.Build.0 = Release|Any CPU
		{78BBCE6A-7E72-452F-9FD0-54587B37713B}.Ad-Hoc|iPhoneSimulator.Deploy.0 = Release|Any CPU
		{78BBCE6A-7E72-452F-9FD0-54587B37713B}.Ad-Hoc|x64.ActiveCfg = Release|Any CPU
		{78BBCE6A-7E72-452F-9FD0-54587B37713B}.Ad-Hoc|x64.Build.0 = Release|Any CPU
		{78BBCE6A-7E72-452F-9FD0-54587B37713B}.Ad-Hoc|x64.Deploy.0 = Release|Any CPU
		{78BBCE6A-7E72-452F-9FD0-54587B37713B}.Ad-Hoc|x86.ActiveCfg = Release|Any CPU
		{78BBCE6A-7E72-452F-9FD0-54587B37713B}.Ad-Hoc|x86.Build.0 = Release|Any CPU
		{78BBCE6A-7E72-452F-9FD0-54587B37713B}.Ad-Hoc|x86.Deploy.0 = Release|Any CPU
		{78BBCE6A-7E72-452F-9FD0-54587B37713B}.AppStore|Any CPU.ActiveCfg = Release|Any CPU
		{78BBCE6A-7E72-452F-9FD0-54587B37713B}.AppStore|Any CPU.Build.0 = Release|Any CPU
		{78BBCE6A-7E72-452F-9FD0-54587B37713B}.AppStore|Any CPU.Deploy.0 = Release|Any CPU
		{78BBCE6A-7E72-452F-9FD0-54587B37713B}.AppStore|ARM.ActiveCfg = Release|Any CPU
		{78BBCE6A-7E72-452F-9FD0-54587B37713B}.AppStore|ARM.Build.0 = Release|Any CPU
		{78BBCE6A-7E72-452F-9FD0-54587B37713B}.AppStore|ARM.Deploy.0 = Release|Any CPU
		{78BBCE6A-7E72-452F-9FD0-54587B37713B}.AppStore|iPhone.ActiveCfg = Release|Any CPU
		{78BBCE6A-7E72-452F-9FD0-54587B37713B}.AppStore|iPhone.Build.0 = Release|Any CPU
		{78BBCE6A-7E72-452F-9FD0-54587B37713B}.AppStore|iPhone.Deploy.0 = Release|Any CPU
		{78BBCE6A-7E72-452F-9FD0-54587B37713B}.AppStore|iPhoneSimulator.ActiveCfg = Release|Any CPU
		{78BBCE6A-7E72-452F-9FD0-54587B37713B}.AppStore|iPhoneSimulator.Build.0 = Release|Any CPU
		{78BBCE6A-7E72-452F-9FD0-54587B37713B}.AppStore|iPhoneSimulator.Deploy.0 = Release|Any CPU
		{78BBCE6A-7E72-452F-9FD0-54587B37713B}.AppStore|x64.ActiveCfg = Release|Any CPU
		{78BBCE6A-7E72-452F-9FD0-54587B37713B}.AppStore|x64.Build.0 = Release|Any CPU
		{78BBCE6A-7E72-452F-9FD0-54587B37713B}.AppStore|x64.Deploy.0 = Release|Any CPU
		{78BBCE6A-7E72-452F-9FD0-54587B37713B}.AppStore|x86.ActiveCfg = Release|Any CPU
		{78BBCE6A-7E72-452F-9FD0-54587B37713B}.AppStore|x86.Build.0 = Release|Any CPU
		{78BBCE6A-7E72-452F-9FD0-54587B37713B}.AppStore|x86.Deploy.0 = Release|Any CPU
		{78BBCE6A-7E72-452F-9FD0-54587B37713B}.Debug|Any CPU.ActiveCfg = Debug|Any CPU
		{78BBCE6A-7E72-452F-9FD0-54587B37713B}.Debug|Any CPU.Build.0 = Debug|Any CPU
		{78BBCE6A-7E72-452F-9FD0-54587B37713B}.Debug|Any CPU.Deploy.0 = Debug|Any CPU
		{78BBCE6A-7E72-452F-9FD0-54587B37713B}.Debug|ARM.ActiveCfg = Debug|Any CPU
		{78BBCE6A-7E72-452F-9FD0-54587B37713B}.Debug|ARM.Build.0 = Debug|Any CPU
		{78BBCE6A-7E72-452F-9FD0-54587B37713B}.Debug|ARM.Deploy.0 = Debug|Any CPU
		{78BBCE6A-7E72-452F-9FD0-54587B37713B}.Debug|iPhone.ActiveCfg = Debug|Any CPU
		{78BBCE6A-7E72-452F-9FD0-54587B37713B}.Debug|iPhone.Build.0 = Debug|Any CPU
		{78BBCE6A-7E72-452F-9FD0-54587B37713B}.Debug|iPhone.Deploy.0 = Debug|Any CPU
		{78BBCE6A-7E72-452F-9FD0-54587B37713B}.Debug|iPhoneSimulator.ActiveCfg = Debug|Any CPU
		{78BBCE6A-7E72-452F-9FD0-54587B37713B}.Debug|iPhoneSimulator.Build.0 = Debug|Any CPU
		{78BBCE6A-7E72-452F-9FD0-54587B37713B}.Debug|iPhoneSimulator.Deploy.0 = Debug|Any CPU
		{78BBCE6A-7E72-452F-9FD0-54587B37713B}.Debug|x64.ActiveCfg = Debug|Any CPU
		{78BBCE6A-7E72-452F-9FD0-54587B37713B}.Debug|x64.Build.0 = Debug|Any CPU
		{78BBCE6A-7E72-452F-9FD0-54587B37713B}.Debug|x64.Deploy.0 = Debug|Any CPU
		{78BBCE6A-7E72-452F-9FD0-54587B37713B}.Debug|x86.ActiveCfg = Debug|Any CPU
		{78BBCE6A-7E72-452F-9FD0-54587B37713B}.Debug|x86.Build.0 = Debug|Any CPU
		{78BBCE6A-7E72-452F-9FD0-54587B37713B}.Debug|x86.Deploy.0 = Debug|Any CPU
		{78BBCE6A-7E72-452F-9FD0-54587B37713B}.Release|Any CPU.ActiveCfg = Release|Any CPU
		{78BBCE6A-7E72-452F-9FD0-54587B37713B}.Release|Any CPU.Build.0 = Release|Any CPU
		{78BBCE6A-7E72-452F-9FD0-54587B37713B}.Release|Any CPU.Deploy.0 = Release|Any CPU
		{78BBCE6A-7E72-452F-9FD0-54587B37713B}.Release|ARM.ActiveCfg = Release|Any CPU
		{78BBCE6A-7E72-452F-9FD0-54587B37713B}.Release|ARM.Build.0 = Release|Any CPU
		{78BBCE6A-7E72-452F-9FD0-54587B37713B}.Release|ARM.Deploy.0 = Release|Any CPU
		{78BBCE6A-7E72-452F-9FD0-54587B37713B}.Release|iPhone.ActiveCfg = Release|Any CPU
		{78BBCE6A-7E72-452F-9FD0-54587B37713B}.Release|iPhone.Build.0 = Release|Any CPU
		{78BBCE6A-7E72-452F-9FD0-54587B37713B}.Release|iPhone.Deploy.0 = Release|Any CPU
		{78BBCE6A-7E72-452F-9FD0-54587B37713B}.Release|iPhoneSimulator.ActiveCfg = Release|Any CPU
		{78BBCE6A-7E72-452F-9FD0-54587B37713B}.Release|iPhoneSimulator.Build.0 = Release|Any CPU
		{78BBCE6A-7E72-452F-9FD0-54587B37713B}.Release|iPhoneSimulator.Deploy.0 = Release|Any CPU
		{78BBCE6A-7E72-452F-9FD0-54587B37713B}.Release|x64.ActiveCfg = Release|Any CPU
		{78BBCE6A-7E72-452F-9FD0-54587B37713B}.Release|x64.Build.0 = Release|Any CPU
		{78BBCE6A-7E72-452F-9FD0-54587B37713B}.Release|x64.Deploy.0 = Release|Any CPU
		{78BBCE6A-7E72-452F-9FD0-54587B37713B}.Release|x86.ActiveCfg = Release|Any CPU
		{78BBCE6A-7E72-452F-9FD0-54587B37713B}.Release|x86.Build.0 = Release|Any CPU
		{78BBCE6A-7E72-452F-9FD0-54587B37713B}.Release|x86.Deploy.0 = Release|Any CPU
		{9B3C0CF4-A4C4-412D-9462-56D193C01270}.Ad-Hoc|Any CPU.ActiveCfg = Release|Any CPU
		{9B3C0CF4-A4C4-412D-9462-56D193C01270}.Ad-Hoc|Any CPU.Build.0 = Release|Any CPU
		{9B3C0CF4-A4C4-412D-9462-56D193C01270}.Ad-Hoc|ARM.ActiveCfg = Release|Any CPU
		{9B3C0CF4-A4C4-412D-9462-56D193C01270}.Ad-Hoc|ARM.Build.0 = Release|Any CPU
		{9B3C0CF4-A4C4-412D-9462-56D193C01270}.Ad-Hoc|iPhone.ActiveCfg = Release|Any CPU
		{9B3C0CF4-A4C4-412D-9462-56D193C01270}.Ad-Hoc|iPhone.Build.0 = Release|Any CPU
		{9B3C0CF4-A4C4-412D-9462-56D193C01270}.Ad-Hoc|iPhoneSimulator.ActiveCfg = Release|Any CPU
		{9B3C0CF4-A4C4-412D-9462-56D193C01270}.Ad-Hoc|iPhoneSimulator.Build.0 = Release|Any CPU
		{9B3C0CF4-A4C4-412D-9462-56D193C01270}.Ad-Hoc|x64.ActiveCfg = Release|Any CPU
		{9B3C0CF4-A4C4-412D-9462-56D193C01270}.Ad-Hoc|x64.Build.0 = Release|Any CPU
		{9B3C0CF4-A4C4-412D-9462-56D193C01270}.Ad-Hoc|x86.ActiveCfg = Release|Any CPU
		{9B3C0CF4-A4C4-412D-9462-56D193C01270}.Ad-Hoc|x86.Build.0 = Release|Any CPU
		{9B3C0CF4-A4C4-412D-9462-56D193C01270}.AppStore|Any CPU.ActiveCfg = Release|Any CPU
		{9B3C0CF4-A4C4-412D-9462-56D193C01270}.AppStore|Any CPU.Build.0 = Release|Any CPU
		{9B3C0CF4-A4C4-412D-9462-56D193C01270}.AppStore|ARM.ActiveCfg = Release|Any CPU
		{9B3C0CF4-A4C4-412D-9462-56D193C01270}.AppStore|ARM.Build.0 = Release|Any CPU
		{9B3C0CF4-A4C4-412D-9462-56D193C01270}.AppStore|iPhone.ActiveCfg = Release|Any CPU
		{9B3C0CF4-A4C4-412D-9462-56D193C01270}.AppStore|iPhone.Build.0 = Release|Any CPU
		{9B3C0CF4-A4C4-412D-9462-56D193C01270}.AppStore|iPhoneSimulator.ActiveCfg = Release|Any CPU
		{9B3C0CF4-A4C4-412D-9462-56D193C01270}.AppStore|iPhoneSimulator.Build.0 = Release|Any CPU
		{9B3C0CF4-A4C4-412D-9462-56D193C01270}.AppStore|x64.ActiveCfg = Release|Any CPU
		{9B3C0CF4-A4C4-412D-9462-56D193C01270}.AppStore|x64.Build.0 = Release|Any CPU
		{9B3C0CF4-A4C4-412D-9462-56D193C01270}.AppStore|x86.ActiveCfg = Release|Any CPU
		{9B3C0CF4-A4C4-412D-9462-56D193C01270}.AppStore|x86.Build.0 = Release|Any CPU
		{9B3C0CF4-A4C4-412D-9462-56D193C01270}.Debug|Any CPU.ActiveCfg = Debug|Any CPU
		{9B3C0CF4-A4C4-412D-9462-56D193C01270}.Debug|Any CPU.Build.0 = Debug|Any CPU
		{9B3C0CF4-A4C4-412D-9462-56D193C01270}.Debug|ARM.ActiveCfg = Debug|Any CPU
		{9B3C0CF4-A4C4-412D-9462-56D193C01270}.Debug|ARM.Build.0 = Debug|Any CPU
		{9B3C0CF4-A4C4-412D-9462-56D193C01270}.Debug|iPhone.ActiveCfg = Debug|Any CPU
		{9B3C0CF4-A4C4-412D-9462-56D193C01270}.Debug|iPhone.Build.0 = Debug|Any CPU
		{9B3C0CF4-A4C4-412D-9462-56D193C01270}.Debug|iPhoneSimulator.ActiveCfg = Debug|Any CPU
		{9B3C0CF4-A4C4-412D-9462-56D193C01270}.Debug|iPhoneSimulator.Build.0 = Debug|Any CPU
		{9B3C0CF4-A4C4-412D-9462-56D193C01270}.Debug|x64.ActiveCfg = Debug|Any CPU
		{9B3C0CF4-A4C4-412D-9462-56D193C01270}.Debug|x64.Build.0 = Debug|Any CPU
		{9B3C0CF4-A4C4-412D-9462-56D193C01270}.Debug|x86.ActiveCfg = Debug|Any CPU
		{9B3C0CF4-A4C4-412D-9462-56D193C01270}.Debug|x86.Build.0 = Debug|Any CPU
		{9B3C0CF4-A4C4-412D-9462-56D193C01270}.Release|Any CPU.ActiveCfg = Release|Any CPU
		{9B3C0CF4-A4C4-412D-9462-56D193C01270}.Release|Any CPU.Build.0 = Release|Any CPU
		{9B3C0CF4-A4C4-412D-9462-56D193C01270}.Release|ARM.ActiveCfg = Release|Any CPU
		{9B3C0CF4-A4C4-412D-9462-56D193C01270}.Release|ARM.Build.0 = Release|Any CPU
		{9B3C0CF4-A4C4-412D-9462-56D193C01270}.Release|iPhone.ActiveCfg = Release|Any CPU
		{9B3C0CF4-A4C4-412D-9462-56D193C01270}.Release|iPhone.Build.0 = Release|Any CPU
		{9B3C0CF4-A4C4-412D-9462-56D193C01270}.Release|iPhoneSimulator.ActiveCfg = Release|Any CPU
		{9B3C0CF4-A4C4-412D-9462-56D193C01270}.Release|iPhoneSimulator.Build.0 = Release|Any CPU
		{9B3C0CF4-A4C4-412D-9462-56D193C01270}.Release|x64.ActiveCfg = Release|Any CPU
		{9B3C0CF4-A4C4-412D-9462-56D193C01270}.Release|x64.Build.0 = Release|Any CPU
		{9B3C0CF4-A4C4-412D-9462-56D193C01270}.Release|x86.ActiveCfg = Release|Any CPU
		{9B3C0CF4-A4C4-412D-9462-56D193C01270}.Release|x86.Build.0 = Release|Any CPU
		{AA75244C-0FDC-441B-A763-004B1882EF36}.Ad-Hoc|Any CPU.ActiveCfg = Release|x86
		{AA75244C-0FDC-441B-A763-004B1882EF36}.Ad-Hoc|Any CPU.Build.0 = Release|x86
		{AA75244C-0FDC-441B-A763-004B1882EF36}.Ad-Hoc|Any CPU.Deploy.0 = Release|x86
		{AA75244C-0FDC-441B-A763-004B1882EF36}.Ad-Hoc|ARM.ActiveCfg = Release|ARM
		{AA75244C-0FDC-441B-A763-004B1882EF36}.Ad-Hoc|ARM.Build.0 = Release|ARM
		{AA75244C-0FDC-441B-A763-004B1882EF36}.Ad-Hoc|ARM.Deploy.0 = Release|ARM
		{AA75244C-0FDC-441B-A763-004B1882EF36}.Ad-Hoc|iPhone.ActiveCfg = Release|x86
		{AA75244C-0FDC-441B-A763-004B1882EF36}.Ad-Hoc|iPhone.Build.0 = Release|x86
		{AA75244C-0FDC-441B-A763-004B1882EF36}.Ad-Hoc|iPhone.Deploy.0 = Release|x86
		{AA75244C-0FDC-441B-A763-004B1882EF36}.Ad-Hoc|iPhoneSimulator.ActiveCfg = Release|x86
		{AA75244C-0FDC-441B-A763-004B1882EF36}.Ad-Hoc|iPhoneSimulator.Build.0 = Release|x86
		{AA75244C-0FDC-441B-A763-004B1882EF36}.Ad-Hoc|iPhoneSimulator.Deploy.0 = Release|x86
		{AA75244C-0FDC-441B-A763-004B1882EF36}.Ad-Hoc|x64.ActiveCfg = Release|x64
		{AA75244C-0FDC-441B-A763-004B1882EF36}.Ad-Hoc|x64.Build.0 = Release|x64
		{AA75244C-0FDC-441B-A763-004B1882EF36}.Ad-Hoc|x64.Deploy.0 = Release|x64
		{AA75244C-0FDC-441B-A763-004B1882EF36}.Ad-Hoc|x86.ActiveCfg = Release|x86
		{AA75244C-0FDC-441B-A763-004B1882EF36}.Ad-Hoc|x86.Build.0 = Release|x86
		{AA75244C-0FDC-441B-A763-004B1882EF36}.Ad-Hoc|x86.Deploy.0 = Release|x86
		{AA75244C-0FDC-441B-A763-004B1882EF36}.AppStore|Any CPU.ActiveCfg = Release|x86
		{AA75244C-0FDC-441B-A763-004B1882EF36}.AppStore|Any CPU.Build.0 = Release|x86
		{AA75244C-0FDC-441B-A763-004B1882EF36}.AppStore|Any CPU.Deploy.0 = Release|x86
		{AA75244C-0FDC-441B-A763-004B1882EF36}.AppStore|ARM.ActiveCfg = Release|ARM
		{AA75244C-0FDC-441B-A763-004B1882EF36}.AppStore|ARM.Build.0 = Release|ARM
		{AA75244C-0FDC-441B-A763-004B1882EF36}.AppStore|ARM.Deploy.0 = Release|ARM
		{AA75244C-0FDC-441B-A763-004B1882EF36}.AppStore|iPhone.ActiveCfg = Release|x86
		{AA75244C-0FDC-441B-A763-004B1882EF36}.AppStore|iPhone.Build.0 = Release|x86
		{AA75244C-0FDC-441B-A763-004B1882EF36}.AppStore|iPhone.Deploy.0 = Release|x86
		{AA75244C-0FDC-441B-A763-004B1882EF36}.AppStore|iPhoneSimulator.ActiveCfg = Release|x86
		{AA75244C-0FDC-441B-A763-004B1882EF36}.AppStore|iPhoneSimulator.Build.0 = Release|x86
		{AA75244C-0FDC-441B-A763-004B1882EF36}.AppStore|iPhoneSimulator.Deploy.0 = Release|x86
		{AA75244C-0FDC-441B-A763-004B1882EF36}.AppStore|x64.ActiveCfg = Release|x64
		{AA75244C-0FDC-441B-A763-004B1882EF36}.AppStore|x64.Build.0 = Release|x64
		{AA75244C-0FDC-441B-A763-004B1882EF36}.AppStore|x64.Deploy.0 = Release|x64
		{AA75244C-0FDC-441B-A763-004B1882EF36}.AppStore|x86.ActiveCfg = Release|x86
		{AA75244C-0FDC-441B-A763-004B1882EF36}.AppStore|x86.Build.0 = Release|x86
		{AA75244C-0FDC-441B-A763-004B1882EF36}.AppStore|x86.Deploy.0 = Release|x86
		{AA75244C-0FDC-441B-A763-004B1882EF36}.Debug|Any CPU.ActiveCfg = Debug|x86
		{AA75244C-0FDC-441B-A763-004B1882EF36}.Debug|ARM.ActiveCfg = Debug|ARM
		{AA75244C-0FDC-441B-A763-004B1882EF36}.Debug|ARM.Build.0 = Debug|ARM
		{AA75244C-0FDC-441B-A763-004B1882EF36}.Debug|ARM.Deploy.0 = Debug|ARM
		{AA75244C-0FDC-441B-A763-004B1882EF36}.Debug|iPhone.ActiveCfg = Debug|x86
		{AA75244C-0FDC-441B-A763-004B1882EF36}.Debug|iPhoneSimulator.ActiveCfg = Debug|x86
		{AA75244C-0FDC-441B-A763-004B1882EF36}.Debug|x64.ActiveCfg = Debug|x64
		{AA75244C-0FDC-441B-A763-004B1882EF36}.Debug|x64.Build.0 = Debug|x64
		{AA75244C-0FDC-441B-A763-004B1882EF36}.Debug|x64.Deploy.0 = Debug|x64
		{AA75244C-0FDC-441B-A763-004B1882EF36}.Debug|x86.ActiveCfg = Debug|x86
		{AA75244C-0FDC-441B-A763-004B1882EF36}.Debug|x86.Build.0 = Debug|x86
		{AA75244C-0FDC-441B-A763-004B1882EF36}.Debug|x86.Deploy.0 = Debug|x86
		{AA75244C-0FDC-441B-A763-004B1882EF36}.Release|Any CPU.ActiveCfg = Release|x86
		{AA75244C-0FDC-441B-A763-004B1882EF36}.Release|ARM.ActiveCfg = Release|ARM
		{AA75244C-0FDC-441B-A763-004B1882EF36}.Release|ARM.Build.0 = Release|ARM
		{AA75244C-0FDC-441B-A763-004B1882EF36}.Release|ARM.Deploy.0 = Release|ARM
		{AA75244C-0FDC-441B-A763-004B1882EF36}.Release|iPhone.ActiveCfg = Release|x86
		{AA75244C-0FDC-441B-A763-004B1882EF36}.Release|iPhoneSimulator.ActiveCfg = Release|x86
		{AA75244C-0FDC-441B-A763-004B1882EF36}.Release|x64.ActiveCfg = Release|x64
		{AA75244C-0FDC-441B-A763-004B1882EF36}.Release|x64.Build.0 = Release|x64
		{AA75244C-0FDC-441B-A763-004B1882EF36}.Release|x64.Deploy.0 = Release|x64
		{AA75244C-0FDC-441B-A763-004B1882EF36}.Release|x86.ActiveCfg = Release|x86
		{AA75244C-0FDC-441B-A763-004B1882EF36}.Release|x86.Build.0 = Release|x86
		{AA75244C-0FDC-441B-A763-004B1882EF36}.Release|x86.Deploy.0 = Release|x86
		{273C57B6-799D-44ED-85A7-D94CD55A0B16}.Ad-Hoc|Any CPU.ActiveCfg = Ad-Hoc|iPhone
		{273C57B6-799D-44ED-85A7-D94CD55A0B16}.Ad-Hoc|ARM.ActiveCfg = Ad-Hoc|iPhone
		{273C57B6-799D-44ED-85A7-D94CD55A0B16}.Ad-Hoc|iPhone.ActiveCfg = Ad-Hoc|iPhone
		{273C57B6-799D-44ED-85A7-D94CD55A0B16}.Ad-Hoc|iPhone.Build.0 = Ad-Hoc|iPhone
		{273C57B6-799D-44ED-85A7-D94CD55A0B16}.Ad-Hoc|iPhoneSimulator.ActiveCfg = Ad-Hoc|iPhoneSimulator
		{273C57B6-799D-44ED-85A7-D94CD55A0B16}.Ad-Hoc|iPhoneSimulator.Build.0 = Ad-Hoc|iPhoneSimulator
		{273C57B6-799D-44ED-85A7-D94CD55A0B16}.Ad-Hoc|x64.ActiveCfg = Ad-Hoc|iPhone
		{273C57B6-799D-44ED-85A7-D94CD55A0B16}.Ad-Hoc|x86.ActiveCfg = Ad-Hoc|iPhone
		{273C57B6-799D-44ED-85A7-D94CD55A0B16}.AppStore|Any CPU.ActiveCfg = AppStore|iPhone
		{273C57B6-799D-44ED-85A7-D94CD55A0B16}.AppStore|ARM.ActiveCfg = AppStore|iPhone
		{273C57B6-799D-44ED-85A7-D94CD55A0B16}.AppStore|iPhone.ActiveCfg = AppStore|iPhone
		{273C57B6-799D-44ED-85A7-D94CD55A0B16}.AppStore|iPhone.Build.0 = AppStore|iPhone
		{273C57B6-799D-44ED-85A7-D94CD55A0B16}.AppStore|iPhoneSimulator.ActiveCfg = AppStore|iPhoneSimulator
		{273C57B6-799D-44ED-85A7-D94CD55A0B16}.AppStore|iPhoneSimulator.Build.0 = AppStore|iPhoneSimulator
		{273C57B6-799D-44ED-85A7-D94CD55A0B16}.AppStore|x64.ActiveCfg = AppStore|iPhone
		{273C57B6-799D-44ED-85A7-D94CD55A0B16}.AppStore|x86.ActiveCfg = AppStore|iPhone
		{273C57B6-799D-44ED-85A7-D94CD55A0B16}.Debug|Any CPU.ActiveCfg = Debug|iPhone
		{273C57B6-799D-44ED-85A7-D94CD55A0B16}.Debug|ARM.ActiveCfg = Debug|iPhone
		{273C57B6-799D-44ED-85A7-D94CD55A0B16}.Debug|iPhone.ActiveCfg = Debug|iPhone
		{273C57B6-799D-44ED-85A7-D94CD55A0B16}.Debug|iPhone.Build.0 = Debug|iPhone
		{273C57B6-799D-44ED-85A7-D94CD55A0B16}.Debug|iPhoneSimulator.ActiveCfg = Debug|iPhoneSimulator
		{273C57B6-799D-44ED-85A7-D94CD55A0B16}.Debug|iPhoneSimulator.Build.0 = Debug|iPhoneSimulator
		{273C57B6-799D-44ED-85A7-D94CD55A0B16}.Debug|x64.ActiveCfg = Debug|iPhone
		{273C57B6-799D-44ED-85A7-D94CD55A0B16}.Debug|x86.ActiveCfg = Debug|iPhone
		{273C57B6-799D-44ED-85A7-D94CD55A0B16}.Release|Any CPU.ActiveCfg = Release|iPhone
		{273C57B6-799D-44ED-85A7-D94CD55A0B16}.Release|ARM.ActiveCfg = Release|iPhone
		{273C57B6-799D-44ED-85A7-D94CD55A0B16}.Release|iPhone.ActiveCfg = Release|iPhone
		{273C57B6-799D-44ED-85A7-D94CD55A0B16}.Release|iPhone.Build.0 = Release|iPhone
		{273C57B6-799D-44ED-85A7-D94CD55A0B16}.Release|iPhoneSimulator.ActiveCfg = Release|iPhoneSimulator
		{273C57B6-799D-44ED-85A7-D94CD55A0B16}.Release|iPhoneSimulator.Build.0 = Release|iPhoneSimulator
		{273C57B6-799D-44ED-85A7-D94CD55A0B16}.Release|x64.ActiveCfg = Release|iPhone
		{273C57B6-799D-44ED-85A7-D94CD55A0B16}.Release|x86.ActiveCfg = Release|iPhone
		{B0FF3729-40D4-4390-A141-6F34AB5C45D3}.Ad-Hoc|Any CPU.ActiveCfg = Release|x64
		{B0FF3729-40D4-4390-A141-6F34AB5C45D3}.Ad-Hoc|Any CPU.Build.0 = Release|x64
		{B0FF3729-40D4-4390-A141-6F34AB5C45D3}.Ad-Hoc|Any CPU.Deploy.0 = Release|x64
		{B0FF3729-40D4-4390-A141-6F34AB5C45D3}.Ad-Hoc|ARM.ActiveCfg = Release|ARM
		{B0FF3729-40D4-4390-A141-6F34AB5C45D3}.Ad-Hoc|ARM.Build.0 = Release|ARM
		{B0FF3729-40D4-4390-A141-6F34AB5C45D3}.Ad-Hoc|ARM.Deploy.0 = Release|ARM
		{B0FF3729-40D4-4390-A141-6F34AB5C45D3}.Ad-Hoc|iPhone.ActiveCfg = Release|x64
		{B0FF3729-40D4-4390-A141-6F34AB5C45D3}.Ad-Hoc|iPhone.Build.0 = Release|x64
		{B0FF3729-40D4-4390-A141-6F34AB5C45D3}.Ad-Hoc|iPhone.Deploy.0 = Release|x64
		{B0FF3729-40D4-4390-A141-6F34AB5C45D3}.Ad-Hoc|iPhoneSimulator.ActiveCfg = Release|x64
		{B0FF3729-40D4-4390-A141-6F34AB5C45D3}.Ad-Hoc|iPhoneSimulator.Build.0 = Release|x64
		{B0FF3729-40D4-4390-A141-6F34AB5C45D3}.Ad-Hoc|iPhoneSimulator.Deploy.0 = Release|x64
		{B0FF3729-40D4-4390-A141-6F34AB5C45D3}.Ad-Hoc|x64.ActiveCfg = Release|x64
		{B0FF3729-40D4-4390-A141-6F34AB5C45D3}.Ad-Hoc|x64.Build.0 = Release|x64
		{B0FF3729-40D4-4390-A141-6F34AB5C45D3}.Ad-Hoc|x64.Deploy.0 = Release|x64
		{B0FF3729-40D4-4390-A141-6F34AB5C45D3}.Ad-Hoc|x86.ActiveCfg = Release|x86
		{B0FF3729-40D4-4390-A141-6F34AB5C45D3}.Ad-Hoc|x86.Build.0 = Release|x86
		{B0FF3729-40D4-4390-A141-6F34AB5C45D3}.Ad-Hoc|x86.Deploy.0 = Release|x86
		{B0FF3729-40D4-4390-A141-6F34AB5C45D3}.AppStore|Any CPU.ActiveCfg = Release|x64
		{B0FF3729-40D4-4390-A141-6F34AB5C45D3}.AppStore|Any CPU.Build.0 = Release|x64
		{B0FF3729-40D4-4390-A141-6F34AB5C45D3}.AppStore|Any CPU.Deploy.0 = Release|x64
		{B0FF3729-40D4-4390-A141-6F34AB5C45D3}.AppStore|ARM.ActiveCfg = Release|ARM
		{B0FF3729-40D4-4390-A141-6F34AB5C45D3}.AppStore|ARM.Build.0 = Release|ARM
		{B0FF3729-40D4-4390-A141-6F34AB5C45D3}.AppStore|ARM.Deploy.0 = Release|ARM
		{B0FF3729-40D4-4390-A141-6F34AB5C45D3}.AppStore|iPhone.ActiveCfg = Release|x64
		{B0FF3729-40D4-4390-A141-6F34AB5C45D3}.AppStore|iPhone.Build.0 = Release|x64
		{B0FF3729-40D4-4390-A141-6F34AB5C45D3}.AppStore|iPhone.Deploy.0 = Release|x64
		{B0FF3729-40D4-4390-A141-6F34AB5C45D3}.AppStore|iPhoneSimulator.ActiveCfg = Release|x64
		{B0FF3729-40D4-4390-A141-6F34AB5C45D3}.AppStore|iPhoneSimulator.Build.0 = Release|x64
		{B0FF3729-40D4-4390-A141-6F34AB5C45D3}.AppStore|iPhoneSimulator.Deploy.0 = Release|x64
		{B0FF3729-40D4-4390-A141-6F34AB5C45D3}.AppStore|x64.ActiveCfg = Release|x64
		{B0FF3729-40D4-4390-A141-6F34AB5C45D3}.AppStore|x64.Build.0 = Release|x64
		{B0FF3729-40D4-4390-A141-6F34AB5C45D3}.AppStore|x64.Deploy.0 = Release|x64
		{B0FF3729-40D4-4390-A141-6F34AB5C45D3}.AppStore|x86.ActiveCfg = Release|x86
		{B0FF3729-40D4-4390-A141-6F34AB5C45D3}.AppStore|x86.Build.0 = Release|x86
		{B0FF3729-40D4-4390-A141-6F34AB5C45D3}.AppStore|x86.Deploy.0 = Release|x86
		{B0FF3729-40D4-4390-A141-6F34AB5C45D3}.Debug|Any CPU.ActiveCfg = Debug|ARM
		{B0FF3729-40D4-4390-A141-6F34AB5C45D3}.Debug|ARM.ActiveCfg = Debug|ARM
		{B0FF3729-40D4-4390-A141-6F34AB5C45D3}.Debug|ARM.Build.0 = Debug|ARM
		{B0FF3729-40D4-4390-A141-6F34AB5C45D3}.Debug|ARM.Deploy.0 = Debug|ARM
		{B0FF3729-40D4-4390-A141-6F34AB5C45D3}.Debug|iPhone.ActiveCfg = Debug|x86
		{B0FF3729-40D4-4390-A141-6F34AB5C45D3}.Debug|iPhoneSimulator.ActiveCfg = Debug|x86
		{B0FF3729-40D4-4390-A141-6F34AB5C45D3}.Debug|x64.ActiveCfg = Debug|x64
		{B0FF3729-40D4-4390-A141-6F34AB5C45D3}.Debug|x64.Build.0 = Debug|x64
		{B0FF3729-40D4-4390-A141-6F34AB5C45D3}.Debug|x64.Deploy.0 = Debug|x64
		{B0FF3729-40D4-4390-A141-6F34AB5C45D3}.Debug|x86.ActiveCfg = Debug|x86
		{B0FF3729-40D4-4390-A141-6F34AB5C45D3}.Debug|x86.Build.0 = Debug|x86
		{B0FF3729-40D4-4390-A141-6F34AB5C45D3}.Debug|x86.Deploy.0 = Debug|x86
		{B0FF3729-40D4-4390-A141-6F34AB5C45D3}.Release|Any CPU.ActiveCfg = Release|x86
		{B0FF3729-40D4-4390-A141-6F34AB5C45D3}.Release|ARM.ActiveCfg = Release|ARM
		{B0FF3729-40D4-4390-A141-6F34AB5C45D3}.Release|ARM.Build.0 = Release|ARM
		{B0FF3729-40D4-4390-A141-6F34AB5C45D3}.Release|ARM.Deploy.0 = Release|ARM
		{B0FF3729-40D4-4390-A141-6F34AB5C45D3}.Release|iPhone.ActiveCfg = Release|x86
		{B0FF3729-40D4-4390-A141-6F34AB5C45D3}.Release|iPhoneSimulator.ActiveCfg = Release|x86
		{B0FF3729-40D4-4390-A141-6F34AB5C45D3}.Release|x64.ActiveCfg = Release|x64
		{B0FF3729-40D4-4390-A141-6F34AB5C45D3}.Release|x64.Build.0 = Release|x64
		{B0FF3729-40D4-4390-A141-6F34AB5C45D3}.Release|x64.Deploy.0 = Release|x64
		{B0FF3729-40D4-4390-A141-6F34AB5C45D3}.Release|x86.ActiveCfg = Release|x86
		{B0FF3729-40D4-4390-A141-6F34AB5C45D3}.Release|x86.Build.0 = Release|x86
		{B0FF3729-40D4-4390-A141-6F34AB5C45D3}.Release|x86.Deploy.0 = Release|x86
		{186AC81F-508D-4655-98D7-4A2E476D9842}.Ad-Hoc|Any CPU.ActiveCfg = Release|Any CPU
		{186AC81F-508D-4655-98D7-4A2E476D9842}.Ad-Hoc|Any CPU.Build.0 = Release|Any CPU
		{186AC81F-508D-4655-98D7-4A2E476D9842}.Ad-Hoc|ARM.ActiveCfg = Release|Any CPU
		{186AC81F-508D-4655-98D7-4A2E476D9842}.Ad-Hoc|ARM.Build.0 = Release|Any CPU
		{186AC81F-508D-4655-98D7-4A2E476D9842}.Ad-Hoc|iPhone.ActiveCfg = Release|Any CPU
		{186AC81F-508D-4655-98D7-4A2E476D9842}.Ad-Hoc|iPhone.Build.0 = Release|Any CPU
		{186AC81F-508D-4655-98D7-4A2E476D9842}.Ad-Hoc|iPhoneSimulator.ActiveCfg = Release|Any CPU
		{186AC81F-508D-4655-98D7-4A2E476D9842}.Ad-Hoc|iPhoneSimulator.Build.0 = Release|Any CPU
		{186AC81F-508D-4655-98D7-4A2E476D9842}.Ad-Hoc|x64.ActiveCfg = Release|Any CPU
		{186AC81F-508D-4655-98D7-4A2E476D9842}.Ad-Hoc|x64.Build.0 = Release|Any CPU
		{186AC81F-508D-4655-98D7-4A2E476D9842}.Ad-Hoc|x86.ActiveCfg = Release|Any CPU
		{186AC81F-508D-4655-98D7-4A2E476D9842}.Ad-Hoc|x86.Build.0 = Release|Any CPU
		{186AC81F-508D-4655-98D7-4A2E476D9842}.AppStore|Any CPU.ActiveCfg = Release|Any CPU
		{186AC81F-508D-4655-98D7-4A2E476D9842}.AppStore|Any CPU.Build.0 = Release|Any CPU
		{186AC81F-508D-4655-98D7-4A2E476D9842}.AppStore|ARM.ActiveCfg = Release|Any CPU
		{186AC81F-508D-4655-98D7-4A2E476D9842}.AppStore|ARM.Build.0 = Release|Any CPU
		{186AC81F-508D-4655-98D7-4A2E476D9842}.AppStore|iPhone.ActiveCfg = Release|Any CPU
		{186AC81F-508D-4655-98D7-4A2E476D9842}.AppStore|iPhone.Build.0 = Release|Any CPU
		{186AC81F-508D-4655-98D7-4A2E476D9842}.AppStore|iPhoneSimulator.ActiveCfg = Release|Any CPU
		{186AC81F-508D-4655-98D7-4A2E476D9842}.AppStore|iPhoneSimulator.Build.0 = Release|Any CPU
		{186AC81F-508D-4655-98D7-4A2E476D9842}.AppStore|x64.ActiveCfg = Release|Any CPU
		{186AC81F-508D-4655-98D7-4A2E476D9842}.AppStore|x64.Build.0 = Release|Any CPU
		{186AC81F-508D-4655-98D7-4A2E476D9842}.AppStore|x86.ActiveCfg = Release|Any CPU
		{186AC81F-508D-4655-98D7-4A2E476D9842}.AppStore|x86.Build.0 = Release|Any CPU
		{186AC81F-508D-4655-98D7-4A2E476D9842}.Debug|Any CPU.ActiveCfg = Debug|Any CPU
		{186AC81F-508D-4655-98D7-4A2E476D9842}.Debug|ARM.ActiveCfg = Debug|Any CPU
		{186AC81F-508D-4655-98D7-4A2E476D9842}.Debug|ARM.Build.0 = Debug|Any CPU
		{186AC81F-508D-4655-98D7-4A2E476D9842}.Debug|iPhone.ActiveCfg = Debug|Any CPU
		{186AC81F-508D-4655-98D7-4A2E476D9842}.Debug|iPhone.Build.0 = Debug|Any CPU
		{186AC81F-508D-4655-98D7-4A2E476D9842}.Debug|iPhoneSimulator.ActiveCfg = Debug|Any CPU
		{186AC81F-508D-4655-98D7-4A2E476D9842}.Debug|iPhoneSimulator.Build.0 = Debug|Any CPU
		{186AC81F-508D-4655-98D7-4A2E476D9842}.Debug|x64.ActiveCfg = Debug|Any CPU
		{186AC81F-508D-4655-98D7-4A2E476D9842}.Debug|x64.Build.0 = Debug|Any CPU
		{186AC81F-508D-4655-98D7-4A2E476D9842}.Debug|x86.ActiveCfg = Debug|Any CPU
		{186AC81F-508D-4655-98D7-4A2E476D9842}.Debug|x86.Build.0 = Debug|Any CPU
		{186AC81F-508D-4655-98D7-4A2E476D9842}.Release|Any CPU.ActiveCfg = Release|Any CPU
		{186AC81F-508D-4655-98D7-4A2E476D9842}.Release|Any CPU.Build.0 = Release|Any CPU
		{186AC81F-508D-4655-98D7-4A2E476D9842}.Release|ARM.ActiveCfg = Release|Any CPU
		{186AC81F-508D-4655-98D7-4A2E476D9842}.Release|ARM.Build.0 = Release|Any CPU
		{186AC81F-508D-4655-98D7-4A2E476D9842}.Release|iPhone.ActiveCfg = Release|Any CPU
		{186AC81F-508D-4655-98D7-4A2E476D9842}.Release|iPhone.Build.0 = Release|Any CPU
		{186AC81F-508D-4655-98D7-4A2E476D9842}.Release|iPhoneSimulator.ActiveCfg = Release|Any CPU
		{186AC81F-508D-4655-98D7-4A2E476D9842}.Release|iPhoneSimulator.Build.0 = Release|Any CPU
		{186AC81F-508D-4655-98D7-4A2E476D9842}.Release|x64.ActiveCfg = Release|Any CPU
		{186AC81F-508D-4655-98D7-4A2E476D9842}.Release|x64.Build.0 = Release|Any CPU
		{186AC81F-508D-4655-98D7-4A2E476D9842}.Release|x86.ActiveCfg = Release|Any CPU
		{186AC81F-508D-4655-98D7-4A2E476D9842}.Release|x86.Build.0 = Release|Any CPU
	EndGlobalSection
	GlobalSection(SolutionProperties) = preSolution
		HideSolutionNode = FALSE
	EndGlobalSection
	GlobalSection(NestedProjects) = preSolution
		{78BBCE6A-7E72-452F-9FD0-54587B37713B} = {E3A955F6-C933-4BA4-9EB6-C643AE0DD987}
		{9B3C0CF4-A4C4-412D-9462-56D193C01270} = {C628D814-E1BB-4D96-8579-60BDFE3CC79E}
		{AA75244C-0FDC-441B-A763-004B1882EF36} = {E3A955F6-C933-4BA4-9EB6-C643AE0DD987}
		{273C57B6-799D-44ED-85A7-D94CD55A0B16} = {E3A955F6-C933-4BA4-9EB6-C643AE0DD987}
		{E3A955F6-C933-4BA4-9EB6-C643AE0DD987} = {C628D814-E1BB-4D96-8579-60BDFE3CC79E}
		{B0FF3729-40D4-4390-A141-6F34AB5C45D3} = {31CCCB9E-24A1-4DEB-A587-9A2B6773E168}
		{186AC81F-508D-4655-98D7-4A2E476D9842} = {31CCCB9E-24A1-4DEB-A587-9A2B6773E168}
	EndGlobalSection
	GlobalSection(ExtensibilityGlobals) = postSolution
		SolutionGuid = {A93DE9EF-16C0-43AC-B303-7A0D54743AD6}
	EndGlobalSection
EndGlobal
